
Microsoft Visual Studio Solution File, Format Version 12.00
# Visual Studio Version 17
VisualStudioVersion = 17.6.33723.286
MinimumVisualStudioVersion = 10.0.40219.1
Project("{FAE04EC0-301F-11D3-BF4B-00C04F79EFBC}") = "ConsoleApp2_task2", "ConsoleApp2_task2\ConsoleApp2_task2.csproj", "{02878144-746B-4950-89A6-18EF3B070218}"
EndProject
Global
	GlobalSection(SolutionConfigurationPlatforms) = preSolution
		Debug|Any CPU = Debug|Any CPU
		Release|Any CPU = Release|Any CPU
	EndGlobalSection
	GlobalSection(ProjectConfigurationPlatforms) = postSolution
		{02878144-746B-4950-89A6-18EF3B070218}.Debug|Any CPU.ActiveCfg = Debug|Any CPU
		{02878144-746B-4950-89A6-18EF3B070218}.Debug|Any CPU.Build.0 = Debug|Any CPU
		{02878144-746B-4950-89A6-18EF3B070218}.Release|Any CPU.ActiveCfg = Release|Any CPU
		{02878144-746B-4950-89A6-18EF3B070218}.Release|Any CPU.Build.0 = Release|Any CPU
	EndGlobalSection
	GlobalSection(SolutionProperties) = preSolution
		HideSolutionNode = FALSE
	EndGlobalSection
	GlobalSection(ExtensibilityGlobals) = postSolution
		SolutionGuid = {B8DCE68A-6465-46AF-929D-AB381DBE9407}
	EndGlobalSection
EndGlobal
